
Microsoft Visual Studio Solution File, Format Version 12.00
# Visual Studio Version 16
VisualStudioVersion = 16.0.29806.167
MinimumVisualStudioVersion = 10.0.40219.1
Project("{FAE04EC0-301F-11D3-BF4B-00C04F79EFBC}") = "QuanLyDayDep", "QuanLyDayDep.csproj", "{ECA77DE8-74D4-4EC5-8ECB-24BFCA55C521}"
EndProject
Global
	GlobalSection(SolutionConfigurationPlatforms) = preSolution
		Debug|Any CPU = Debug|Any CPU
		Release|Any CPU = Release|Any CPU
	EndGlobalSection
	GlobalSection(ProjectConfigurationPlatforms) = postSolution
		{ECA77DE8-74D4-4EC5-8ECB-24BFCA55C521}.Debug|Any CPU.ActiveCfg = Debug|Any CPU
		{ECA77DE8-74D4-4EC5-8ECB-24BFCA55C521}.Debug|Any CPU.Build.0 = Debug|Any CPU
		{ECA77DE8-74D4-4EC5-8ECB-24BFCA55C521}.Release|Any CPU.ActiveCfg = Release|Any CPU
		{ECA77DE8-74D4-4EC5-8ECB-24BFCA55C521}.Release|Any CPU.Build.0 = Release|Any CPU
	EndGlobalSection
	GlobalSection(SolutionProperties) = preSolution
		HideSolutionNode = FALSE
	EndGlobalSection
	GlobalSection(ExtensibilityGlobals) = postSolution
		SolutionGuid = {C36D680F-4C07-49EE-8013-2A93977B7071}
	EndGlobalSection
EndGlobal
